
Microsoft Visual Studio Solution File, Format Version 12.00
# Visual Studio 15
VisualStudioVersion = 15.0.27703.2042
MinimumVisualStudioVersion = 10.0.40219.1
Project("{FAE04EC0-301F-11D3-BF4B-00C04F79EFBC}") = "DataGrabber", "DataGrabber\DataGrabber.csproj", "{69530FBD-78D2-41CF-B3DA-D5F90896D105}"
EndProject
Project("{FAE04EC0-301F-11D3-BF4B-00C04F79EFBC}") = "GoogleRecaptcha", "GoogleRecaptcha\GoogleRecaptcha.csproj", "{9C82F450-0738-490B-9B91-D7662AC02CC1}"
EndProject
Project("{FAE04EC0-301F-11D3-BF4B-00C04F79EFBC}") = "DataGrabber.Utility", "DataGrabber.Utility\DataGrabber.Utility.csproj", "{C77FE83E-8018-4824-AED6-B93167E2017F}"
EndProject
Project("{FAE04EC0-301F-11D3-BF4B-00C04F79EFBC}") = "DataGrabber.LogWriter", "DataGrabber.LogWriter\DataGrabber.LogWriter.csproj", "{F1128938-717D-4D4A-B67E-55F362BCB831}"
EndProject
Project("{FAE04EC0-301F-11D3-BF4B-00C04F79EFBC}") = "DataGrabber.Models", "DataGrabber.Models\DataGrabber.Models.csproj", "{710F9833-3A9B-486E-BC35-219AB7660097}"
EndProject
Project("{2150E333-8FDC-42A3-9474-1A3956D46DE8}") = "DataGrabberNetCore", "DataGrabberNetCore", "{BBF95837-0869-4C82-B30A-255D296609BC}"
EndProject
Project("{FAE04EC0-301F-11D3-BF4B-00C04F79EFBC}") = "DataGrabberV2", "DataGrabberV2\DataGrabberV2.csproj", "{555A3C4C-6647-4502-AD04-6DD137E58249}"
EndProject
Project("{2150E333-8FDC-42A3-9474-1A3956D46DE8}") = "DataGrabberNetFramework", "DataGrabberNetFramework", "{CE63AECD-F114-4966-928F-58A8699C8611}"
EndProject
Project("{FAE04EC0-301F-11D3-BF4B-00C04F79EFBC}") = "DataGrabberV2.LogWriter", "DataGrabberV2.LogWriter\DataGrabberV2.LogWriter.csproj", "{28CA1F7F-F5D0-4F24-8FD0-05306E2F3C3C}"
EndProject
Project("{FAE04EC0-301F-11D3-BF4B-00C04F79EFBC}") = "DataGrabberV2.Models", "DataGrabberV2.Models\DataGrabberV2.Models.csproj", "{06B75F6E-33BE-4B19-AC26-B398EF8B051C}"
EndProject
Project("{FAE04EC0-301F-11D3-BF4B-00C04F79EFBC}") = "DataGrabberV2.Utility", "DataGrabberV2.Utility\DataGrabberV2.Utility.csproj", "{F84C4F31-5D32-46D8-B6CD-FFE469B95E3A}"
EndProject
Project("{FAE04EC0-301F-11D3-BF4B-00C04F79EFBC}") = "GoogleRecaptchaV2", "GoogleRecaptchaV2\GoogleRecaptchaV2.csproj", "{F7692BD2-9556-409F-9774-65801B697C50}"
EndProject
Global
	GlobalSection(SolutionConfigurationPlatforms) = preSolution
		Debug|Any CPU = Debug|Any CPU
		Release|Any CPU = Release|Any CPU
	EndGlobalSection
	GlobalSection(ProjectConfigurationPlatforms) = postSolution
		{69530FBD-78D2-41CF-B3DA-D5F90896D105}.Debug|Any CPU.ActiveCfg = Debug|Any CPU
		{69530FBD-78D2-41CF-B3DA-D5F90896D105}.Debug|Any CPU.Build.0 = Debug|Any CPU
		{69530FBD-78D2-41CF-B3DA-D5F90896D105}.Release|Any CPU.ActiveCfg = Release|Any CPU
		{69530FBD-78D2-41CF-B3DA-D5F90896D105}.Release|Any CPU.Build.0 = Release|Any CPU
		{9C82F450-0738-490B-9B91-D7662AC02CC1}.Debug|Any CPU.ActiveCfg = Debug|Any CPU
		{9C82F450-0738-490B-9B91-D7662AC02CC1}.Debug|Any CPU.Build.0 = Debug|Any CPU
		{9C82F450-0738-490B-9B91-D7662AC02CC1}.Release|Any CPU.ActiveCfg = Release|Any CPU
		{9C82F450-0738-490B-9B91-D7662AC02CC1}.Release|Any CPU.Build.0 = Release|Any CPU
		{C77FE83E-8018-4824-AED6-B93167E2017F}.Debug|Any CPU.ActiveCfg = Debug|Any CPU
		{C77FE83E-8018-4824-AED6-B93167E2017F}.Debug|Any CPU.Build.0 = Debug|Any CPU
		{C77FE83E-8018-4824-AED6-B93167E2017F}.Release|Any CPU.ActiveCfg = Release|Any CPU
		{C77FE83E-8018-4824-AED6-B93167E2017F}.Release|Any CPU.Build.0 = Release|Any CPU
		{F1128938-717D-4D4A-B67E-55F362BCB831}.Debug|Any CPU.ActiveCfg = Debug|Any CPU
		{F1128938-717D-4D4A-B67E-55F362BCB831}.Debug|Any CPU.Build.0 = Debug|Any CPU
		{F1128938-717D-4D4A-B67E-55F362BCB831}.Release|Any CPU.ActiveCfg = Release|Any CPU
		{F1128938-717D-4D4A-B67E-55F362BCB831}.Release|Any CPU.Build.0 = Release|Any CPU
		{710F9833-3A9B-486E-BC35-219AB7660097}.Debug|Any CPU.ActiveCfg = Debug|Any CPU
		{710F9833-3A9B-486E-BC35-219AB7660097}.Debug|Any CPU.Build.0 = Debug|Any CPU
		{710F9833-3A9B-486E-BC35-219AB7660097}.Release|Any CPU.ActiveCfg = Release|Any CPU
		{710F9833-3A9B-486E-BC35-219AB7660097}.Release|Any CPU.Build.0 = Release|Any CPU
		{555A3C4C-6647-4502-AD04-6DD137E58249}.Debug|Any CPU.ActiveCfg = Debug|Any CPU
		{555A3C4C-6647-4502-AD04-6DD137E58249}.Debug|Any CPU.Build.0 = Debug|Any CPU
		{555A3C4C-6647-4502-AD04-6DD137E58249}.Release|Any CPU.ActiveCfg = Release|Any CPU
		{555A3C4C-6647-4502-AD04-6DD137E58249}.Release|Any CPU.Build.0 = Release|Any CPU
		{28CA1F7F-F5D0-4F24-8FD0-05306E2F3C3C}.Debug|Any CPU.ActiveCfg = Debug|Any CPU
		{28CA1F7F-F5D0-4F24-8FD0-05306E2F3C3C}.Debug|Any CPU.Build.0 = Debug|Any CPU
		{28CA1F7F-F5D0-4F24-8FD0-05306E2F3C3C}.Release|Any CPU.ActiveCfg = Release|Any CPU
		{28CA1F7F-F5D0-4F24-8FD0-05306E2F3C3C}.Release|Any CPU.Build.0 = Release|Any CPU
		{06B75F6E-33BE-4B19-AC26-B398EF8B051C}.Debug|Any CPU.ActiveCfg = Debug|Any CPU
		{06B75F6E-33BE-4B19-AC26-B398EF8B051C}.Debug|Any CPU.Build.0 = Debug|Any CPU
		{06B75F6E-33BE-4B19-AC26-B398EF8B051C}.Release|Any CPU.ActiveCfg = Release|Any CPU
		{06B75F6E-33BE-4B19-AC26-B398EF8B051C}.Release|Any CPU.Build.0 = Release|Any CPU
		{F84C4F31-5D32-46D8-B6CD-FFE469B95E3A}.Debug|Any CPU.ActiveCfg = Debug|Any CPU
		{F84C4F31-5D32-46D8-B6CD-FFE469B95E3A}.Debug|Any CPU.Build.0 = Debug|Any CPU
		{F84C4F31-5D32-46D8-B6CD-FFE469B95E3A}.Release|Any CPU.ActiveCfg = Release|Any CPU
		{F84C4F31-5D32-46D8-B6CD-FFE469B95E3A}.Release|Any CPU.Build.0 = Release|Any CPU
		{F7692BD2-9556-409F-9774-65801B697C50}.Debug|Any CPU.ActiveCfg = Debug|Any CPU
		{F7692BD2-9556-409F-9774-65801B697C50}.Debug|Any CPU.Build.0 = Debug|Any CPU
		{F7692BD2-9556-409F-9774-65801B697C50}.Release|Any CPU.ActiveCfg = Release|Any CPU
		{F7692BD2-9556-409F-9774-65801B697C50}.Release|Any CPU.Build.0 = Release|Any CPU
	EndGlobalSection
	GlobalSection(SolutionProperties) = preSolution
		HideSolutionNode = FALSE
	EndGlobalSection
	GlobalSection(NestedProjects) = preSolution
		{69530FBD-78D2-41CF-B3DA-D5F90896D105} = {CE63AECD-F114-4966-928F-58A8699C8611}
		{9C82F450-0738-490B-9B91-D7662AC02CC1} = {CE63AECD-F114-4966-928F-58A8699C8611}
		{C77FE83E-8018-4824-AED6-B93167E2017F} = {CE63AECD-F114-4966-928F-58A8699C8611}
		{F1128938-717D-4D4A-B67E-55F362BCB831} = {CE63AECD-F114-4966-928F-58A8699C8611}
		{710F9833-3A9B-486E-BC35-219AB7660097} = {CE63AECD-F114-4966-928F-58A8699C8611}
		{555A3C4C-6647-4502-AD04-6DD137E58249} = {BBF95837-0869-4C82-B30A-255D296609BC}
		{28CA1F7F-F5D0-4F24-8FD0-05306E2F3C3C} = {BBF95837-0869-4C82-B30A-255D296609BC}
		{06B75F6E-33BE-4B19-AC26-B398EF8B051C} = {BBF95837-0869-4C82-B30A-255D296609BC}
		{F84C4F31-5D32-46D8-B6CD-FFE469B95E3A} = {BBF95837-0869-4C82-B30A-255D296609BC}
		{F7692BD2-9556-409F-9774-65801B697C50} = {BBF95837-0869-4C82-B30A-255D296609BC}
	EndGlobalSection
	GlobalSection(ExtensibilityGlobals) = postSolution
		SolutionGuid = {CD0E298B-BB13-4F91-8DB8-5F900A4A9C56}
	EndGlobalSection
EndGlobal
